
Microsoft Visual Studio Solution File, Format Version 12.00
# Visual Studio Version 17
VisualStudioVersion = 17.0.32112.339
MinimumVisualStudioVersion = 10.0.40219.1
Project("{FAE04EC0-301F-11D3-BF4B-00C04F79EFBC}") = "ISCAnalyser", "ISCAnalyser.csproj", "{E9C3B618-BCCD-4444-9C7E-BBA7992511F8}"
EndProject
Project("{FAE04EC0-301F-11D3-BF4B-00C04F79EFBC}") = "TestProject1", "..\TestProject1\TestProject1.csproj", "{E828D98A-1A59-4D86-8DE3-FD0B88F92DF9}"
EndProject
Global
	GlobalSection(SolutionConfigurationPlatforms) = preSolution
		Debug|Any CPU = Debug|Any CPU
		Release|Any CPU = Release|Any CPU
	EndGlobalSection
	GlobalSection(ProjectConfigurationPlatforms) = postSolution
		{E9C3B618-BCCD-4444-9C7E-BBA7992511F8}.Debug|Any CPU.ActiveCfg = Debug|Any CPU
		{E9C3B618-BCCD-4444-9C7E-BBA7992511F8}.Debug|Any CPU.Build.0 = Debug|Any CPU
		{E9C3B618-BCCD-4444-9C7E-BBA7992511F8}.Release|Any CPU.ActiveCfg = Release|Any CPU
		{E9C3B618-BCCD-4444-9C7E-BBA7992511F8}.Release|Any CPU.Build.0 = Release|Any CPU
		{E828D98A-1A59-4D86-8DE3-FD0B88F92DF9}.Debug|Any CPU.ActiveCfg = Debug|Any CPU
		{E828D98A-1A59-4D86-8DE3-FD0B88F92DF9}.Debug|Any CPU.Build.0 = Debug|Any CPU
		{E828D98A-1A59-4D86-8DE3-FD0B88F92DF9}.Release|Any CPU.ActiveCfg = Release|Any CPU
		{E828D98A-1A59-4D86-8DE3-FD0B88F92DF9}.Release|Any CPU.Build.0 = Release|Any CPU
	EndGlobalSection
	GlobalSection(SolutionProperties) = preSolution
		HideSolutionNode = FALSE
	EndGlobalSection
	GlobalSection(ExtensibilityGlobals) = postSolution
		SolutionGuid = {B9BDFB40-7910-41CD-9D54-8BC04D008A92}
	EndGlobalSection
EndGlobal
